// !$*UTF8*$!
{
	archiveVersion = 1;
	classes = {
	};
	objectVersion = 50;
	objects = {

/* Begin PBXBuildFile section */
		8C81D6922289BA3B00C8D619 /* model.json in Resources */ = {isa = PBXBuildFile; fileRef = 8C81D6912289BA3B00C8D619 /* model.json */; };
		8C9F64BD2289F2470029777F /* Destination.swift in Sources */ = {isa = PBXBuildFile; fileRef = 8C9F64BC2289F2470029777F /* Destination.swift */; };
		8C9F64C02289F2C10029777F /* Destination+CoreDataClass.swift in Sources */ = {isa = PBXBuildFile; fileRef = 8C9F64BE2289F2C10029777F /* Destination+CoreDataClass.swift */; };
		8C9F64C12289F2C10029777F /* Destination+CoreDataProperties.swift in Sources */ = {isa = PBXBuildFile; fileRef = 8C9F64BF2289F2C10029777F /* Destination+CoreDataProperties.swift */; };
		8CD3F0112289CDB80058AB5B /* destination.json in Resources */ = {isa = PBXBuildFile; fileRef = 8CD3F0102289CDB80058AB5B /* destination.json */; };
		8CD3F01A2289E7D00058AB5B /* Country+CoreDataClass.swift in Sources */ = {isa = PBXBuildFile; fileRef = 8CD3F0182289E7D00058AB5B /* Country+CoreDataClass.swift */; };
		8CD3F01B2289E7D00058AB5B /* Country+CoreDataProperties.swift in Sources */ = {isa = PBXBuildFile; fileRef = 8CD3F0192289E7D00058AB5B /* Country+CoreDataProperties.swift */; };
		8CDCE52A2289B41200B56B43 /* AppDelegate.swift in Sources */ = {isa = PBXBuildFile; fileRef = 8CDCE5292289B41200B56B43 /* AppDelegate.swift */; };
		8CDCE52C2289B41200B56B43 /* ViewController.swift in Sources */ = {isa = PBXBuildFile; fileRef = 8CDCE52B2289B41200B56B43 /* ViewController.swift */; };
		8CDCE52F2289B41200B56B43 /* Main.storyboard in Resources */ = {isa = PBXBuildFile; fileRef = 8CDCE52D2289B41200B56B43 /* Main.storyboard */; };
		8CDCE5322289B41200B56B43 /* TravelingPlus___CoreData.xcdatamodeld in Sources */ = {isa = PBXBuildFile; fileRef = 8CDCE5302289B41200B56B43 /* TravelingPlus___CoreData.xcdatamodeld */; };
		8CDCE5342289B41300B56B43 /* Assets.xcassets in Resources */ = {isa = PBXBuildFile; fileRef = 8CDCE5332289B41300B56B43 /* Assets.xcassets */; };
		8CDCE5372289B41300B56B43 /* LaunchScreen.storyboard in Resources */ = {isa = PBXBuildFile; fileRef = 8CDCE5352289B41300B56B43 /* LaunchScreen.storyboard */; };
		8CDCE5442289B4C700B56B43 /* Country.swift in Sources */ = {isa = PBXBuildFile; fileRef = 8CDCE5432289B4C700B56B43 /* Country.swift */; };
		8CDCE5462289B4E300B56B43 /* country.json in Resources */ = {isa = PBXBuildFile; fileRef = 8CDCE5452289B4E300B56B43 /* country.json */; };
/* End PBXBuildFile section */

/* Begin PBXFileReference section */
		8C81D6912289BA3B00C8D619 /* model.json */ = {isa = PBXFileReference; lastKnownFileType = text.json; path = model.json; sourceTree = "<group>"; };
		8C9F64BC2289F2470029777F /* Destination.swift */ = {isa = PBXFileReference; lastKnownFileType = sourcecode.swift; path = Destination.swift; sourceTree = "<group>"; };
		8C9F64BE2289F2C10029777F /* Destination+CoreDataClass.swift */ = {isa = PBXFileReference; lastKnownFileType = sourcecode.swift; path = "Destination+CoreDataClass.swift"; sourceTree = "<group>"; };
		8C9F64BF2289F2C10029777F /* Destination+CoreDataProperties.swift */ = {isa = PBXFileReference; lastKnownFileType = sourcecode.swift; path = "Destination+CoreDataProperties.swift"; sourceTree = "<group>"; };
		8CD3F0102289CDB80058AB5B /* destination.json */ = {isa = PBXFileReference; lastKnownFileType = text.json; path = destination.json; sourceTree = "<group>"; };
		8CD3F0182289E7D00058AB5B /* Country+CoreDataClass.swift */ = {isa = PBXFileReference; lastKnownFileType = sourcecode.swift; path = "Country+CoreDataClass.swift"; sourceTree = "<group>"; };
		8CD3F0192289E7D00058AB5B /* Country+CoreDataProperties.swift */ = {isa = PBXFileReference; lastKnownFileType = sourcecode.swift; path = "Country+CoreDataProperties.swift"; sourceTree = "<group>"; };
		8CDCE5262289B41200B56B43 /* TravelingPlus - CoreData.app */ = {isa = PBXFileReference; explicitFileType = wrapper.application; includeInIndex = 0; path = "TravelingPlus - CoreData.app"; sourceTree = BUILT_PRODUCTS_DIR; };
		8CDCE5292289B41200B56B43 /* AppDelegate.swift */ = {isa = PBXFileReference; lastKnownFileType = sourcecode.swift; path = AppDelegate.swift; sourceTree = "<group>"; };
		8CDCE52B2289B41200B56B43 /* ViewController.swift */ = {isa = PBXFileReference; lastKnownFileType = sourcecode.swift; path = ViewController.swift; sourceTree = "<group>"; };
		8CDCE52E2289B41200B56B43 /* Base */ = {isa = PBXFileReference; lastKnownFileType = file.storyboard; name = Base; path = Base.lproj/Main.storyboard; sourceTree = "<group>"; };
		8CDCE5312289B41200B56B43 /* TravelingPlus___CoreData.xcdatamodel */ = {isa = PBXFileReference; lastKnownFileType = wrapper.xcdatamodel; path = "TravelingPlus___CoreData.xcdatamodel"; sourceTree = "<group>"; };
		8CDCE5332289B41300B56B43 /* Assets.xcassets */ = {isa = PBXFileReference; lastKnownFileType = folder.assetcatalog; path = Assets.xcassets; sourceTree = "<group>"; };
		8CDCE5362289B41300B56B43 /* Base */ = {isa = PBXFileReference; lastKnownFileType = file.storyboard; name = Base; path = Base.lproj/LaunchScreen.storyboard; sourceTree = "<group>"; };
		8CDCE5382289B41300B56B43 /* Info.plist */ = {isa = PBXFileReference; lastKnownFileType = text.plist.xml; path = Info.plist; sourceTree = "<group>"; };
		8CDCE5432289B4C700B56B43 /* Country.swift */ = {isa = PBXFileReference; lastKnownFileType = sourcecode.swift; path = Country.swift; sourceTree = "<group>"; };
		8CDCE5452289B4E300B56B43 /* country.json */ = {isa = PBXFileReference; lastKnownFileType = text.json; path = country.json; sourceTree = "<group>"; };
/* End PBXFileReference section */

/* Begin PBXFrameworksBuildPhase section */
		8CDCE5232289B41200B56B43 /* Frameworks */ = {
			isa = PBXFrameworksBuildPhase;
			buildActionMask = 2147483647;
			files = (
			);
			runOnlyForDeploymentPostprocessing = 0;
		};
/* End PBXFrameworksBuildPhase section */

/* Begin PBXGroup section */
		8CDCE51D2289B41200B56B43 = {
			isa = PBXGroup;
			children = (
				8CDCE5422289B4B500B56B43 /* CoreData */,
				8CDCE5282289B41200B56B43 /* TravelingPlus - CoreData */,
				8CDCE5272289B41200B56B43 /* Products */,
			);
			sourceTree = "<group>";
		};
		8CDCE5272289B41200B56B43 /* Products */ = {
			isa = PBXGroup;
			children = (
				8CDCE5262289B41200B56B43 /* TravelingPlus - CoreData.app */,
			);
			name = Products;
			sourceTree = "<group>";
		};
		8CDCE5282289B41200B56B43 /* TravelingPlus - CoreData */ = {
			isa = PBXGroup;
			children = (
				8CDCE5292289B41200B56B43 /* AppDelegate.swift */,
				8CDCE52B2289B41200B56B43 /* ViewController.swift */,
				8CDCE52D2289B41200B56B43 /* Main.storyboard */,
				8CDCE5332289B41300B56B43 /* Assets.xcassets */,
				8CDCE5352289B41300B56B43 /* LaunchScreen.storyboard */,
				8CDCE5382289B41300B56B43 /* Info.plist */,
				8CDCE5302289B41200B56B43 /* TravelingPlus___CoreData.xcdatamodeld */,
				8CDCE5432289B4C700B56B43 /* Country.swift */,
				8C9F64BC2289F2470029777F /* Destination.swift */,
				8CDCE5452289B4E300B56B43 /* country.json */,
				8CD3F0102289CDB80058AB5B /* destination.json */,
				8C81D6912289BA3B00C8D619 /* model.json */,
			);
			path = "TravelingPlus - CoreData";
			sourceTree = "<group>";
		};
		8CDCE5422289B4B500B56B43 /* CoreData */ = {
			isa = PBXGroup;
			children = (
				8C9F64BE2289F2C10029777F /* Destination+CoreDataClass.swift */,
				8C9F64BF2289F2C10029777F /* Destination+CoreDataProperties.swift */,
				8CD3F0182289E7D00058AB5B /* Country+CoreDataClass.swift */,
				8CD3F0192289E7D00058AB5B /* Country+CoreDataProperties.swift */,
			);
			path = CoreData;
			sourceTree = "<group>";
		};
/* End PBXGroup section */

/* Begin PBXNativeTarget section */
		8CDCE5252289B41200B56B43 /* TravelingPlus - CoreData */ = {
			isa = PBXNativeTarget;
			buildConfigurationList = 8CDCE53B2289B41300B56B43 /* Build configuration list for PBXNativeTarget "TravelingPlus - CoreData" */;
			buildPhases = (
				8CDCE5222289B41200B56B43 /* Sources */,
				8CDCE5232289B41200B56B43 /* Frameworks */,
				8CDCE5242289B41200B56B43 /* Resources */,
			);
			buildRules = (
			);
			dependencies = (
			);
			name = "TravelingPlus - CoreData";
			productName = "TravelingPlus - CoreData";
			productReference = 8CDCE5262289B41200B56B43 /* TravelingPlus - CoreData.app */;
			productType = "com.apple.product-type.application";
		};
/* End PBXNativeTarget section */

/* Begin PBXProject section */
		8CDCE51E2289B41200B56B43 /* Project object */ = {
			isa = PBXProject;
			attributes = {
				LastSwiftUpdateCheck = 1020;
				LastUpgradeCheck = 1020;
				ORGANIZATIONNAME = "Zewu Chen";
				TargetAttributes = {
					8CDCE5252289B41200B56B43 = {
						CreatedOnToolsVersion = 10.2.1;
					};
				};
			};
			buildConfigurationList = 8CDCE5212289B41200B56B43 /* Build configuration list for PBXProject "TravelingPlus - CoreData" */;
			compatibilityVersion = "Xcode 9.3";
			developmentRegion = en;
			hasScannedForEncodings = 0;
			knownRegions = (
				en,
				Base,
			);
			mainGroup = 8CDCE51D2289B41200B56B43;
			productRefGroup = 8CDCE5272289B41200B56B43 /* Products */;
			projectDirPath = "";
			projectRoot = "";
			targets = (
				8CDCE5252289B41200B56B43 /* TravelingPlus - CoreData */,
			);
		};
/* End PBXProject section */

/* Begin PBXResourcesBuildPhase section */
		8CDCE5242289B41200B56B43 /* Resources */ = {
			isa = PBXResourcesBuildPhase;
			buildActionMask = 2147483647;
			files = (
				8CDCE5462289B4E300B56B43 /* country.json in Resources */,
				8CDCE5372289B41300B56B43 /* LaunchScreen.storyboard in Resources */,
				8C81D6922289BA3B00C8D619 /* model.json in Resources */,
				8CDCE5342289B41300B56B43 /* Assets.xcassets in Resources */,
				8CD3F0112289CDB80058AB5B /* destination.json in Resources */,
				8CDCE52F2289B41200B56B43 /* Main.storyboard in Resources */,
			);
			runOnlyForDeploymentPostprocessing = 0;
		};
/* End PBXResourcesBuildPhase section */

/* Begin PBXSourcesBuildPhase section */
		8CDCE5222289B41200B56B43 /* Sources */ = {
			isa = PBXSourcesBuildPhase;
			buildActionMask = 2147483647;
			files = (
				8C9F64C02289F2C10029777F /* Destination+CoreDataClass.swift in Sources */,
				8CDCE5322289B41200B56B43 /* TravelingPlus___CoreData.xcdatamodeld in Sources */,
				8CDCE52C2289B41200B56B43 /* ViewController.swift in Sources */,
				8CDCE5442289B4C700B56B43 /* Country.swift in Sources */,
				8CD3F01A2289E7D00058AB5B /* Country+CoreDataClass.swift in Sources */,
				8CDCE52A2289B41200B56B43 /* AppDelegate.swift in Sources */,
				8C9F64C12289F2C10029777F /* Destination+CoreDataProperties.swift in Sources */,
				8CD3F01B2289E7D00058AB5B /* Country+CoreDataProperties.swift in Sources */,
				8C9F64BD2289F2470029777F /* Destination.swift in Sources */,
			);
			runOnlyForDeploymentPostprocessing = 0;
		};
/* End PBXSourcesBuildPhase section */

/* Begin PBXVariantGroup section */
		8CDCE52D2289B41200B56B43 /* Main.storyboard */ = {
			isa = PBXVariantGroup;
			children = (
				8CDCE52E2289B41200B56B43 /* Base */,
			);
			name = Main.storyboard;
			sourceTree = "<group>";
		};
		8CDCE5352289B41300B56B43 /* LaunchScreen.storyboard */ = {
			isa = PBXVariantGroup;
			children = (
				8CDCE5362289B41300B56B43 /* Base */,
			);
			name = LaunchScreen.storyboard;
			sourceTree = "<group>";
		};
/* End PBXVariantGroup section */

/* Begin XCBuildConfiguration section */
		8CDCE5392289B41300B56B43 /* Debug */ = {
			isa = XCBuildConfiguration;
			buildSettings = {
				ALWAYS_SEARCH_USER_PATHS = NO;
				CLANG_ANALYZER_NONNULL = YES;
				CLANG_ANALYZER_NUMBER_OBJECT_CONVERSION = YES_AGGRESSIVE;
				CLANG_CXX_LANGUAGE_STANDARD = "gnu++14";
				CLANG_CXX_LIBRARY = "libc++";
				CLANG_ENABLE_MODULES = YES;
				CLANG_ENABLE_OBJC_ARC = YES;
				CLANG_ENABLE_OBJC_WEAK = YES;
				CLANG_WARN_BLOCK_CAPTURE_AUTORELEASING = YES;
				CLANG_WARN_BOOL_CONVERSION = YES;
				CLANG_WARN_COMMA = YES;
				CLANG_WARN_CONSTANT_CONVERSION = YES;
				CLANG_WARN_DEPRECATED_OBJC_IMPLEMENTATIONS = YES;
				CLANG_WARN_DIRECT_OBJC_ISA_USAGE = YES_ERROR;
				CLANG_WARN_DOCUMENTATION_COMMENTS = YES;
				CLANG_WARN_EMPTY_BODY = YES;
				CLANG_WARN_ENUM_CONVERSION = YES;
				CLANG_WARN_INFINITE_RECURSION = YES;
				CLANG_WARN_INT_CONVERSION = YES;
				CLANG_WARN_NON_LITERAL_NULL_CONVERSION = YES;
				CLANG_WARN_OBJC_IMPLICIT_RETAIN_SELF = YES;
				CLANG_WARN_OBJC_LITERAL_CONVERSION = YES;
				CLANG_WARN_OBJC_ROOT_CLASS = YES_ERROR;
				CLANG_WARN_RANGE_LOOP_ANALYSIS = YES;
				CLANG_WARN_STRICT_PROTOTYPES = YES;
				CLANG_WARN_SUSPICIOUS_MOVE = YES;
				CLANG_WARN_UNGUARDED_AVAILABILITY = YES_AGGRESSIVE;
				CLANG_WARN_UNREACHABLE_CODE = YES;
				CLANG_WARN__DUPLICATE_METHOD_MATCH = YES;
				CODE_SIGN_IDENTITY = "iPhone Developer";
				COPY_PHASE_STRIP = NO;
				DEBUG_INFORMATION_FORMAT = dwarf;
				ENABLE_STRICT_OBJC_MSGSEND = YES;
				ENABLE_TESTABILITY = YES;
				GCC_C_LANGUAGE_STANDARD = gnu11;
				GCC_DYNAMIC_NO_PIC = NO;
				GCC_NO_COMMON_BLOCKS = YES;
				GCC_OPTIMIZATION_LEVEL = 0;
				GCC_PREPROCESSOR_DEFINITIONS = (
					"DEBUG=1",
					"$(inherited)",
				);
				GCC_WARN_64_TO_32_BIT_CONVERSION = YES;
				GCC_WARN_ABOUT_RETURN_TYPE = YES_ERROR;
				GCC_WARN_UNDECLARED_SELECTOR = YES;
				GCC_WARN_UNINITIALIZED_AUTOS = YES_AGGRESSIVE;
				GCC_WARN_UNUSED_FUNCTION = YES;
				GCC_WARN_UNUSED_VARIABLE = YES;
				IPHONEOS_DEPLOYMENT_TARGET = 12.2;
				MTL_ENABLE_DEBUG_INFO = INCLUDE_SOURCE;
				MTL_FAST_MATH = YES;
				ONLY_ACTIVE_ARCH = YES;
				SDKROOT = iphoneos;
				SWIFT_ACTIVE_COMPILATION_CONDITIONS = DEBUG;
				SWIFT_OPTIMIZATION_LEVEL = "-Onone";
			};
			name = Debug;
		};
		8CDCE53A2289B41300B56B43 /* Release */ = {
			isa = XCBuildConfiguration;
			buildSettings = {
				ALWAYS_SEARCH_USER_PATHS = NO;
				CLANG_ANALYZER_NONNULL = YES;
				CLANG_ANALYZER_NUMBER_OBJECT_CONVERSION = YES_AGGRESSIVE;
				CLANG_CXX_LANGUAGE_STANDARD = "gnu++14";
				CLANG_CXX_LIBRARY = "libc++";
				CLANG_ENABLE_MODULES = YES;
				CLANG_ENABLE_OBJC_ARC = YES;
				CLANG_ENABLE_OBJC_WEAK = YES;
				CLANG_WARN_BLOCK_CAPTURE_AUTORELEASING = YES;
				CLANG_WARN_BOOL_CONVERSION = YES;
				CLANG_WARN_COMMA = YES;
				CLANG_WARN_CONSTANT_CONVERSION = YES;
				CLANG_WARN_DEPRECATED_OBJC_IMPLEMENTATIONS = YES;
				CLANG_WARN_DIRECT_OBJC_ISA_USAGE = YES_ERROR;
				CLANG_WARN_DOCUMENTATION_COMMENTS = YES;
				CLANG_WARN_EMPTY_BODY = YES;
				CLANG_WARN_ENUM_CONVERSION = YES;
				CLANG_WARN_INFINITE_RECURSION = YES;
				CLANG_WARN_INT_CONVERSION = YES;
				CLANG_WARN_NON_LITERAL_NULL_CONVERSION = YES;
				CLANG_WARN_OBJC_IMPLICIT_RETAIN_SELF = YES;
				CLANG_WARN_OBJC_LITERAL_CONVERSION = YES;
				CLANG_WARN_OBJC_ROOT_CLASS = YES_ERROR;
				CLANG_WARN_RANGE_LOOP_ANALYSIS = YES;
				CLANG_WARN_STRICT_PROTOTYPES = YES;
				CLANG_WARN_SUSPICIOUS_MOVE = YES;
				CLANG_WARN_UNGUARDED_AVAILABILITY = YES_AGGRESSIVE;
				CLANG_WARN_UNREACHABLE_CODE = YES;
				CLANG_WARN__DUPLICATE_METHOD_MATCH = YES;
				CODE_SIGN_IDENTITY = "iPhone Developer";
				COPY_PHASE_STRIP = NO;
				DEBUG_INFORMATION_FORMAT = "dwarf-with-dsym";
				ENABLE_NS_ASSERTIONS = NO;
				ENABLE_STRICT_OBJC_MSGSEND = YES;
				GCC_C_LANGUAGE_STANDARD = gnu11;
				GCC_NO_COMMON_BLOCKS = YES;
				GCC_WARN_64_TO_32_BIT_CONVERSION = YES;
				GCC_WARN_ABOUT_RETURN_TYPE = YES_ERROR;
				GCC_WARN_UNDECLARED_SELECTOR = YES;
				GCC_WARN_UNINITIALIZED_AUTOS = YES_AGGRESSIVE;
				GCC_WARN_UNUSED_FUNCTION = YES;
				GCC_WARN_UNUSED_VARIABLE = YES;
				IPHONEOS_DEPLOYMENT_TARGET = 12.2;
				MTL_ENABLE_DEBUG_INFO = NO;
				MTL_FAST_MATH = YES;
				SDKROOT = iphoneos;
				SWIFT_COMPILATION_MODE = wholemodule;
				SWIFT_OPTIMIZATION_LEVEL = "-O";
				VALIDATE_PRODUCT = YES;
			};
			name = Release;
		};
		8CDCE53C2289B41300B56B43 /* Debug */ = {
			isa = XCBuildConfiguration;
			buildSettings = {
				ASSETCATALOG_COMPILER_APPICON_NAME = AppIcon;
				CODE_SIGN_STYLE = Automatic;
				DEVELOPMENT_TEAM = DB2793VW42;
				INFOPLIST_FILE = "TravelingPlus - CoreData/Info.plist";
				LD_RUNPATH_SEARCH_PATHS = (
					"$(inherited)",
					"@executable_path/Frameworks",
				);
				PRODUCT_BUNDLE_IDENTIFIER = "br.com.zewuchen.TravelingPlus---CoreData";
				PRODUCT_NAME = "$(TARGET_NAME)";
				SWIFT_VERSION = 5.0;
				TARGETED_DEVICE_FAMILY = "1,2";
			};
			name = Debug;
		};
		8CDCE53D2289B41300B56B43 /* Release */ = {
			isa = XCBuildConfiguration;
			buildSettings = {
				ASSETCATALOG_COMPILER_APPICON_NAME = AppIcon;
				CODE_SIGN_STYLE = Automatic;
				DEVELOPMENT_TEAM = DB2793VW42;
				INFOPLIST_FILE = "TravelingPlus - CoreData/Info.plist";
				LD_RUNPATH_SEARCH_PATHS = (
					"$(inherited)",
					"@executable_path/Frameworks",
				);
				PRODUCT_BUNDLE_IDENTIFIER = "br.com.zewuchen.TravelingPlus---CoreData";
				PRODUCT_NAME = "$(TARGET_NAME)";
				SWIFT_VERSION = 5.0;
				TARGETED_DEVICE_FAMILY = "1,2";
			};
			name = Release;
		};
/* End XCBuildConfiguration section */

/* Begin XCConfigurationList section */
		8CDCE5212289B41200B56B43 /* Build configuration list for PBXProject "TravelingPlus - CoreData" */ = {
			isa = XCConfigurationList;
			buildConfigurations = (
				8CDCE5392289B41300B56B43 /* Debug */,
				8CDCE53A2289B41300B56B43 /* Release */,
			);
			defaultConfigurationIsVisible = 0;
			defaultConfigurationName = Release;
		};
		8CDCE53B2289B41300B56B43 /* Build configuration list for PBXNativeTarget "TravelingPlus - CoreData" */ = {
			isa = XCConfigurationList;
			buildConfigurations = (
				8CDCE53C2289B41300B56B43 /* Debug */,
				8CDCE53D2289B41300B56B43 /* Release */,
			);
			defaultConfigurationIsVisible = 0;
			defaultConfigurationName = Release;
		};
/* End XCConfigurationList section */

/* Begin XCVersionGroup section */
		8CDCE5302289B41200B56B43 /* TravelingPlus___CoreData.xcdatamodeld */ = {
			isa = XCVersionGroup;
			children = (
				8CDCE5312289B41200B56B43 /* TravelingPlus___CoreData.xcdatamodel */,
			);
			currentVersion = 8CDCE5312289B41200B56B43 /* TravelingPlus___CoreData.xcdatamodel */;
			path = "TravelingPlus___CoreData.xcdatamodeld";
			sourceTree = "<group>";
			versionGroupType = wrapper.xcdatamodel;
		};
/* End XCVersionGroup section */
	};
	rootObject = 8CDCE51E2289B41200B56B43 /* Project object */;
}
